dependencies:
- name: minio
  repository: https://charts.bitnami.com/bitnami
  version: 16.0.10
- name: redis
  repository: https://charts.bitnami.com/bitnami
  version: 21.0.2
- name: mongodb
  repository: https://charts.bitnami.com/bitnami
  version: 16.5.6
digest: sha256:cbc5e35c9d96e423836a4e993111f9377563dfaaaef9e9553c62bbcc9684e768
generated: "2025-07-03T23:10:37.368071+05:30"
