dependencies:
- name: minio
  repository: https://charts.bitnami.com/bitnami
  version: 16.0.10
- name: redis
  repository: https://charts.bitnami.com/bitnami
  version: 21.0.2
- name: mongodb
  repository: https://charts.bitnami.com/bitnami
  version: 16.5.6
digest: sha256:0ea98b27e0be5d5c4e7e4ba6bfc9a2ea50f8d301dcad3a4502d93e47559b3178
generated: "2025-06-17T22:27:05.428794+05:30"
